
Microsoft Visual Studio Solution File, Format Version 12.00
# Visual Studio Version 17
VisualStudioVersion = 17.14.36603.0 d17.14
MinimumVisualStudioVersion = 10.0.40219.1
Project("{FAE04EC0-301F-11D3-BF4B-00C04F79EFBC}") = "Zeniata", "Zeniata\Zeniata.csproj", "{FC048E72-9115-4FD1-9B87-B729C2986E8B}"
EndProject
Global
	GlobalSection(SolutionConfigurationPlatforms) = preSolution
		Debug|Any CPU = Debug|Any CPU
		Release|Any CPU = Release|Any CPU
	EndGlobalSection
	GlobalSection(ProjectConfigurationPlatforms) = postSolution
		{FC048E72-9115-4FD1-9B87-B729C2986E8B}.Debug|Any CPU.ActiveCfg = Debug|Any CPU
		{FC048E72-9115-4FD1-9B87-B729C2986E8B}.Debug|Any CPU.Build.0 = Debug|Any CPU
		{FC048E72-9115-4FD1-9B87-B729C2986E8B}.Release|Any CPU.ActiveCfg = Release|Any CPU
		{FC048E72-9115-4FD1-9B87-B729C2986E8B}.Release|Any CPU.Build.0 = Release|Any CPU
	EndGlobalSection
	GlobalSection(SolutionProperties) = preSolution
		HideSolutionNode = FALSE
	EndGlobalSection
	GlobalSection(ExtensibilityGlobals) = postSolution
		SolutionGuid = {DA613510-07E8-458D-B3A2-575554F0205A}
	EndGlobalSection
EndGlobal
